
Microsoft Visual Studio Solution File, Format Version 12.00
# Visual Studio 2013
VisualStudioVersion = 12.0.21005.1
MinimumVisualStudioVersion = 10.0.40219.1
Project("{8BC9CEB8-8B4A-11D0-8D11-00A0C91BC942}") = "apr", "..\apr\apr.vcxproj", "{46CC7E67-EADF-698E-33E4-6B43394D45AA}"
EndProject
Project("{8BC9CEB8-8B4A-11D0-8D11-00A0C91BC942}") = "aprapp", "..\apr\build\aprapp.vcxproj", "{AD318440-A041-C4AB-FE77-601F9D54B484}"
EndProject
Project("{8BC9CEB8-8B4A-11D0-8D11-00A0C91BC942}") = "apr_dbd_freetds", "dbd\apr_dbd_freetds.vcxproj", "{8AC1BF56-DAEE-23F7-37FD-4C5E4620A2DD}"
	ProjectSection(ProjectDependencies) = postProject
		{0B76F2AE-FB7A-2628-A42E-8F9A84B07949} = {0B76F2AE-FB7A-2628-A42E-8F9A84B07949}
		{D4A966E1-0709-CC62-E24F-5C020BC0B41D} = {D4A966E1-0709-CC62-E24F-5C020BC0B41D}
	EndProjectSection
EndProject
Project("{8BC9CEB8-8B4A-11D0-8D11-00A0C91BC942}") = "apr_dbd_mysql", "dbd\apr_dbd_mysql.vcxproj", "{A58F15D6-6AD2-5D4E-6943-30A4D5E170A3}"
	ProjectSection(ProjectDependencies) = postProject
		{0B76F2AE-FB7A-2628-A42E-8F9A84B07949} = {0B76F2AE-FB7A-2628-A42E-8F9A84B07949}
		{D4A966E1-0709-CC62-E24F-5C020BC0B41D} = {D4A966E1-0709-CC62-E24F-5C020BC0B41D}
	EndProjectSection
EndProject
Project("{8BC9CEB8-8B4A-11D0-8D11-00A0C91BC942}") = "apr_dbd_odbc", "dbd\apr_dbd_odbc.vcxproj", "{FE99D7FA-C5A2-E3B2-4386-C25458987347}"
	ProjectSection(ProjectDependencies) = postProject
		{0B76F2AE-FB7A-2628-A42E-8F9A84B07949} = {0B76F2AE-FB7A-2628-A42E-8F9A84B07949}
		{D4A966E1-0709-CC62-E24F-5C020BC0B41D} = {D4A966E1-0709-CC62-E24F-5C020BC0B41D}
	EndProjectSection
EndProject
Project("{8BC9CEB8-8B4A-11D0-8D11-00A0C91BC942}") = "apr_dbd_oracle", "dbd\apr_dbd_oracle.vcxproj", "{33B458B3-B6AF-6542-8E56-E204DFDAE4AD}"
	ProjectSection(ProjectDependencies) = postProject
		{0B76F2AE-FB7A-2628-A42E-8F9A84B07949} = {0B76F2AE-FB7A-2628-A42E-8F9A84B07949}
		{D4A966E1-0709-CC62-E24F-5C020BC0B41D} = {D4A966E1-0709-CC62-E24F-5C020BC0B41D}
	EndProjectSection
EndProject
Project("{8BC9CEB8-8B4A-11D0-8D11-00A0C91BC942}") = "apr_dbd_pgsql", "dbd\apr_dbd_pgsql.vcxproj", "{0D73C107-5E9E-5C69-10C9-C52731204A01}"
	ProjectSection(ProjectDependencies) = postProject
		{0B76F2AE-FB7A-2628-A42E-8F9A84B07949} = {0B76F2AE-FB7A-2628-A42E-8F9A84B07949}
		{D4A966E1-0709-CC62-E24F-5C020BC0B41D} = {D4A966E1-0709-CC62-E24F-5C020BC0B41D}
	EndProjectSection
EndProject
Project("{8BC9CEB8-8B4A-11D0-8D11-00A0C91BC942}") = "apr_dbd_sqlite2", "dbd\apr_dbd_sqlite2.vcxproj", "{BFC9EA25-2B1D-5F10-5074-63B63D2D5101}"
	ProjectSection(ProjectDependencies) = postProject
		{0B76F2AE-FB7A-2628-A42E-8F9A84B07949} = {0B76F2AE-FB7A-2628-A42E-8F9A84B07949}
		{D4A966E1-0709-CC62-E24F-5C020BC0B41D} = {D4A966E1-0709-CC62-E24F-5C020BC0B41D}
	EndProjectSection
EndProject
Project("{8BC9CEB8-8B4A-11D0-8D11-00A0C91BC942}") = "apr_dbd_sqlite3", "dbd\apr_dbd_sqlite3.vcxproj", "{712F93BE-F81A-FAC8-DDD6-299683D77726}"
	ProjectSection(ProjectDependencies) = postProject
		{0B76F2AE-FB7A-2628-A42E-8F9A84B07949} = {0B76F2AE-FB7A-2628-A42E-8F9A84B07949}
		{D4A966E1-0709-CC62-E24F-5C020BC0B41D} = {D4A966E1-0709-CC62-E24F-5C020BC0B41D}
	EndProjectSection
EndProject
Project("{8BC9CEB8-8B4A-11D0-8D11-00A0C91BC942}") = "apr_dbm_db", "dbm\apr_dbm_db.vcxproj", "{EA806BA0-1D4A-4B15-6AB7-09509B4B48DC}"
	ProjectSection(ProjectDependencies) = postProject
		{0B76F2AE-FB7A-2628-A42E-8F9A84B07949} = {0B76F2AE-FB7A-2628-A42E-8F9A84B07949}
		{D4A966E1-0709-CC62-E24F-5C020BC0B41D} = {D4A966E1-0709-CC62-E24F-5C020BC0B41D}
	EndProjectSection
EndProject
Project("{8BC9CEB8-8B4A-11D0-8D11-00A0C91BC942}") = "apr_dbm_gdbm", "dbm\apr_dbm_gdbm.vcxproj", "{F2987B99-AA15-368E-15CD-0382477C1B69}"
	ProjectSection(ProjectDependencies) = postProject
		{0B76F2AE-FB7A-2628-A42E-8F9A84B07949} = {0B76F2AE-FB7A-2628-A42E-8F9A84B07949}
		{D4A966E1-0709-CC62-E24F-5C020BC0B41D} = {D4A966E1-0709-CC62-E24F-5C020BC0B41D}
	EndProjectSection
EndProject
Project("{8BC9CEB8-8B4A-11D0-8D11-00A0C91BC942}") = "apr_ldap", "ldap\apr_ldap.vcxproj", "{094F9456-B1FD-B4EC-EEE2-68049FBF9ABA}"
	ProjectSection(ProjectDependencies) = postProject
		{0B76F2AE-FB7A-2628-A42E-8F9A84B07949} = {0B76F2AE-FB7A-2628-A42E-8F9A84B07949}
		{D4A966E1-0709-CC62-E24F-5C020BC0B41D} = {D4A966E1-0709-CC62-E24F-5C020BC0B41D}
	EndProjectSection
EndProject
Project("{8BC9CEB8-8B4A-11D0-8D11-00A0C91BC942}") = "apriconv", "..\apr-iconv\apriconv.vcxproj", "{B988972A-C474-B7AF-E317-4478644A7C4A}"
	ProjectSection(ProjectDependencies) = postProject
		{46CC7E67-EADF-698E-33E4-6B43394D45AA} = {46CC7E67-EADF-698E-33E4-6B43394D45AA}
	EndProjectSection
EndProject
Project("{8BC9CEB8-8B4A-11D0-8D11-00A0C91BC942}") = "aprutil", "aprutil.vcxproj", "{38C9E20D-CE3A-D613-BBF0-C0F277BA54C0}"
	ProjectSection(ProjectDependencies) = postProject
		{B988972A-C474-B7AF-E317-4478644A7C4A} = {B988972A-C474-B7AF-E317-4478644A7C4A}
		{358FF508-6676-C17B-4F1A-78BF30345B90} = {358FF508-6676-C17B-4F1A-78BF30345B90}
	EndProjectSection
EndProject
Project("{8BC9CEB8-8B4A-11D0-8D11-00A0C91BC942}") = "libapr", "..\apr\libapr.vcxproj", "{0B76F2AE-FB7A-2628-A42E-8F9A84B07949}"
EndProject
Project("{8BC9CEB8-8B4A-11D0-8D11-00A0C91BC942}") = "libaprapp", "..\apr\build\libaprapp.vcxproj", "{A87D2A96-F05E-4A69-F97B-124F4699C8B0}"
EndProject
Project("{8BC9CEB8-8B4A-11D0-8D11-00A0C91BC942}") = "libapriconv", "..\apr-iconv\libapriconv.vcxproj", "{843C365F-37B6-188F-99D7-39B12B87466F}"
	ProjectSection(ProjectDependencies) = postProject
		{0B76F2AE-FB7A-2628-A42E-8F9A84B07949} = {0B76F2AE-FB7A-2628-A42E-8F9A84B07949}
	EndProjectSection
EndProject
Project("{8BC9CEB8-8B4A-11D0-8D11-00A0C91BC942}") = "libapriconv_ccs_modules", "..\apr-iconv\ccs\libapriconv_ccs_modules.vcxproj", "{759236FD-82B9-D7BD-032E-B78D2645CE1B}"
	ProjectSection(ProjectDependencies) = postProject
		{0B76F2AE-FB7A-2628-A42E-8F9A84B07949} = {0B76F2AE-FB7A-2628-A42E-8F9A84B07949}
		{843C365F-37B6-188F-99D7-39B12B87466F} = {843C365F-37B6-188F-99D7-39B12B87466F}
	EndProjectSection
EndProject
Project("{8BC9CEB8-8B4A-11D0-8D11-00A0C91BC942}") = "libapriconv_ces_modules", "..\apr-iconv\ces\libapriconv_ces_modules.vcxproj", "{0D191873-9880-2B17-A9AD-7B0F741303F7}"
	ProjectSection(ProjectDependencies) = postProject
		{0B76F2AE-FB7A-2628-A42E-8F9A84B07949} = {0B76F2AE-FB7A-2628-A42E-8F9A84B07949}
		{843C365F-37B6-188F-99D7-39B12B87466F} = {843C365F-37B6-188F-99D7-39B12B87466F}
	EndProjectSection
EndProject
Project("{8BC9CEB8-8B4A-11D0-8D11-00A0C91BC942}") = "libaprutil", "libaprutil.vcxproj", "{D4A966E1-0709-CC62-E24F-5C020BC0B41D}"
	ProjectSection(ProjectDependencies) = postProject
		{0B76F2AE-FB7A-2628-A42E-8F9A84B07949} = {0B76F2AE-FB7A-2628-A42E-8F9A84B07949}
		{843C365F-37B6-188F-99D7-39B12B87466F} = {843C365F-37B6-188F-99D7-39B12B87466F}
		{759236FD-82B9-D7BD-032E-B78D2645CE1B} = {759236FD-82B9-D7BD-032E-B78D2645CE1B}
		{0D191873-9880-2B17-A9AD-7B0F741303F7} = {0D191873-9880-2B17-A9AD-7B0F741303F7}
		{358FF508-6676-C17B-4F1A-78BF30345B90} = {358FF508-6676-C17B-4F1A-78BF30345B90}
	EndProjectSection
EndProject
Project("{8BC9CEB8-8B4A-11D0-8D11-00A0C91BC942}") = "xml", "xml\expat\lib\xml.vcxproj", "{358FF508-6676-C17B-4F1A-78BF30345B90}"
EndProject
Global
	GlobalSection(SolutionConfigurationPlatforms) = preSolution
		Debug|Win32 = Debug|Win32
		Debug|x64 = Debug|x64
		Debug9x|Win32 = Debug9x|Win32
		Debug9x|x64 = Debug9x|x64
		DebugNT|Win32 = DebugNT|Win32
		DebugNT|x64 = DebugNT|x64
		Release|Win32 = Release|Win32
		Release|x64 = Release|x64
		Release9x|Win32 = Release9x|Win32
		Release9x|x64 = Release9x|x64
		ReleaseNT|Win32 = ReleaseNT|Win32
		ReleaseNT|x64 = ReleaseNT|x64
		Template|Win32 = Template|Win32
		Template|x64 = Template|x64
	EndGlobalSection
	GlobalSection(ProjectConfigurationPlatforms) = postSolution
		{46CC7E67-EADF-698E-33E4-6B43394D45AA}.Debug|Win32.ActiveCfg = Debug|Win32
		{46CC7E67-EADF-698E-33E4-6B43394D45AA}.Debug|Win32.Build.0 = Debug|Win32
		{46CC7E67-EADF-698E-33E4-6B43394D45AA}.Debug|x64.ActiveCfg = Debug|x64
		{46CC7E67-EADF-698E-33E4-6B43394D45AA}.Debug|x64.Build.0 = Debug|x64
		{46CC7E67-EADF-698E-33E4-6B43394D45AA}.Debug9x|Win32.ActiveCfg = Debug9x|Win32
		{46CC7E67-EADF-698E-33E4-6B43394D45AA}.Debug9x|Win32.Build.0 = Debug9x|Win32
		{46CC7E67-EADF-698E-33E4-6B43394D45AA}.Debug9x|x64.ActiveCfg = Debug9x|x64
		{46CC7E67-EADF-698E-33E4-6B43394D45AA}.Debug9x|x64.Build.0 = Debug9x|x64
		{46CC7E67-EADF-698E-33E4-6B43394D45AA}.DebugNT|Win32.ActiveCfg = Debug|x64
		{46CC7E67-EADF-698E-33E4-6B43394D45AA}.DebugNT|x64.ActiveCfg = Debug|x64
		{46CC7E67-EADF-698E-33E4-6B43394D45AA}.DebugNT|x64.Build.0 = Debug|x64
		{46CC7E67-EADF-698E-33E4-6B43394D45AA}.Release|Win32.ActiveCfg = Release|Win32
		{46CC7E67-EADF-698E-33E4-6B43394D45AA}.Release|Win32.Build.0 = Release|Win32
		{46CC7E67-EADF-698E-33E4-6B43394D45AA}.Release|x64.ActiveCfg = Release|x64
		{46CC7E67-EADF-698E-33E4-6B43394D45AA}.Release|x64.Build.0 = Release|x64
		{46CC7E67-EADF-698E-33E4-6B43394D45AA}.Release9x|Win32.ActiveCfg = Release9x|Win32
		{46CC7E67-EADF-698E-33E4-6B43394D45AA}.Release9x|Win32.Build.0 = Release9x|Win32
		{46CC7E67-EADF-698E-33E4-6B43394D45AA}.Release9x|x64.ActiveCfg = Release9x|x64
		{46CC7E67-EADF-698E-33E4-6B43394D45AA}.Release9x|x64.Build.0 = Release9x|x64
		{46CC7E67-EADF-698E-33E4-6B43394D45AA}.ReleaseNT|Win32.ActiveCfg = Release|x64
		{46CC7E67-EADF-698E-33E4-6B43394D45AA}.ReleaseNT|x64.ActiveCfg = Release|x64
		{46CC7E67-EADF-698E-33E4-6B43394D45AA}.ReleaseNT|x64.Build.0 = Release|x64
		{46CC7E67-EADF-698E-33E4-6B43394D45AA}.Template|Win32.ActiveCfg = Template|Win32
		{46CC7E67-EADF-698E-33E4-6B43394D45AA}.Template|Win32.Build.0 = Template|Win32
		{46CC7E67-EADF-698E-33E4-6B43394D45AA}.Template|x64.ActiveCfg = Template|x64
		{46CC7E67-EADF-698E-33E4-6B43394D45AA}.Template|x64.Build.0 = Template|x64
		{AD318440-A041-C4AB-FE77-601F9D54B484}.Debug|Win32.ActiveCfg = Debug|Win32
		{AD318440-A041-C4AB-FE77-601F9D54B484}.Debug|Win32.Build.0 = Debug|Win32
		{AD318440-A041-C4AB-FE77-601F9D54B484}.Debug|x64.ActiveCfg = Debug|x64
		{AD318440-A041-C4AB-FE77-601F9D54B484}.Debug|x64.Build.0 = Debug|x64
		{AD318440-A041-C4AB-FE77-601F9D54B484}.Debug9x|Win32.ActiveCfg = Debug9x|Win32
		{AD318440-A041-C4AB-FE77-601F9D54B484}.Debug9x|Win32.Build.0 = Debug9x|Win32
		{AD318440-A041-C4AB-FE77-601F9D54B484}.Debug9x|x64.ActiveCfg = Debug9x|x64
		{AD318440-A041-C4AB-FE77-601F9D54B484}.Debug9x|x64.Build.0 = Debug9x|x64
		{AD318440-A041-C4AB-FE77-601F9D54B484}.DebugNT|Win32.ActiveCfg = Debug|x64
		{AD318440-A041-C4AB-FE77-601F9D54B484}.DebugNT|x64.ActiveCfg = Debug|x64
		{AD318440-A041-C4AB-FE77-601F9D54B484}.DebugNT|x64.Build.0 = Debug|x64
		{AD318440-A041-C4AB-FE77-601F9D54B484}.Release|Win32.ActiveCfg = Release|Win32
		{AD318440-A041-C4AB-FE77-601F9D54B484}.Release|Win32.Build.0 = Release|Win32
		{AD318440-A041-C4AB-FE77-601F9D54B484}.Release|x64.ActiveCfg = Release|x64
		{AD318440-A041-C4AB-FE77-601F9D54B484}.Release|x64.Build.0 = Release|x64
		{AD318440-A041-C4AB-FE77-601F9D54B484}.Release9x|Win32.ActiveCfg = Release9x|Win32
		{AD318440-A041-C4AB-FE77-601F9D54B484}.Release9x|Win32.Build.0 = Release9x|Win32
		{AD318440-A041-C4AB-FE77-601F9D54B484}.Release9x|x64.ActiveCfg = Release9x|x64
		{AD318440-A041-C4AB-FE77-601F9D54B484}.Release9x|x64.Build.0 = Release9x|x64
		{AD318440-A041-C4AB-FE77-601F9D54B484}.ReleaseNT|Win32.ActiveCfg = Release|x64
		{AD318440-A041-C4AB-FE77-601F9D54B484}.ReleaseNT|x64.ActiveCfg = Release|x64
		{AD318440-A041-C4AB-FE77-601F9D54B484}.ReleaseNT|x64.Build.0 = Release|x64
		{AD318440-A041-C4AB-FE77-601F9D54B484}.Template|Win32.ActiveCfg = Template|Win32
		{AD318440-A041-C4AB-FE77-601F9D54B484}.Template|Win32.Build.0 = Template|Win32
		{AD318440-A041-C4AB-FE77-601F9D54B484}.Template|x64.ActiveCfg = Template|x64
		{AD318440-A041-C4AB-FE77-601F9D54B484}.Template|x64.Build.0 = Template|x64
		{8AC1BF56-DAEE-23F7-37FD-4C5E4620A2DD}.Debug|Win32.ActiveCfg = Debug|Win32
		{8AC1BF56-DAEE-23F7-37FD-4C5E4620A2DD}.Debug|Win32.Build.0 = Debug|Win32
		{8AC1BF56-DAEE-23F7-37FD-4C5E4620A2DD}.Debug|x64.ActiveCfg = Debug|x64
		{8AC1BF56-DAEE-23F7-37FD-4C5E4620A2DD}.Debug|x64.Build.0 = Debug|x64
		{8AC1BF56-DAEE-23F7-37FD-4C5E4620A2DD}.Debug9x|Win32.ActiveCfg = Debug|x64
		{8AC1BF56-DAEE-23F7-37FD-4C5E4620A2DD}.Debug9x|x64.ActiveCfg = Debug|x64
		{8AC1BF56-DAEE-23F7-37FD-4C5E4620A2DD}.Debug9x|x64.Build.0 = Debug|x64
		{8AC1BF56-DAEE-23F7-37FD-4C5E4620A2DD}.DebugNT|Win32.ActiveCfg = Debug|x64
		{8AC1BF56-DAEE-23F7-37FD-4C5E4620A2DD}.DebugNT|x64.ActiveCfg = Debug|x64
		{8AC1BF56-DAEE-23F7-37FD-4C5E4620A2DD}.DebugNT|x64.Build.0 = Debug|x64
		{8AC1BF56-DAEE-23F7-37FD-4C5E4620A2DD}.Release|Win32.ActiveCfg = Release|Win32
		{8AC1BF56-DAEE-23F7-37FD-4C5E4620A2DD}.Release|Win32.Build.0 = Release|Win32
		{8AC1BF56-DAEE-23F7-37FD-4C5E4620A2DD}.Release|x64.ActiveCfg = Release|x64
		{8AC1BF56-DAEE-23F7-37FD-4C5E4620A2DD}.Release|x64.Build.0 = Release|x64
		{8AC1BF56-DAEE-23F7-37FD-4C5E4620A2DD}.Release9x|Win32.ActiveCfg = Release|x64
		{8AC1BF56-DAEE-23F7-37FD-4C5E4620A2DD}.Release9x|x64.ActiveCfg = Release|x64
		{8AC1BF56-DAEE-23F7-37FD-4C5E4620A2DD}.Release9x|x64.Build.0 = Release|x64
		{8AC1BF56-DAEE-23F7-37FD-4C5E4620A2DD}.ReleaseNT|Win32.ActiveCfg = Release|x64
		{8AC1BF56-DAEE-23F7-37FD-4C5E4620A2DD}.ReleaseNT|x64.ActiveCfg = Release|x64
		{8AC1BF56-DAEE-23F7-37FD-4C5E4620A2DD}.ReleaseNT|x64.Build.0 = Release|x64
		{8AC1BF56-DAEE-23F7-37FD-4C5E4620A2DD}.Template|Win32.ActiveCfg = Template|Win32
		{8AC1BF56-DAEE-23F7-37FD-4C5E4620A2DD}.Template|Win32.Build.0 = Template|Win32
		{8AC1BF56-DAEE-23F7-37FD-4C5E4620A2DD}.Template|x64.ActiveCfg = Template|x64
		{8AC1BF56-DAEE-23F7-37FD-4C5E4620A2DD}.Template|x64.Build.0 = Template|x64
		{A58F15D6-6AD2-5D4E-6943-30A4D5E170A3}.Debug|Win32.ActiveCfg = Debug|Win32
		{A58F15D6-6AD2-5D4E-6943-30A4D5E170A3}.Debug|Win32.Build.0 = Debug|Win32
		{A58F15D6-6AD2-5D4E-6943-30A4D5E170A3}.Debug|x64.ActiveCfg = Debug|x64
		{A58F15D6-6AD2-5D4E-6943-30A4D5E170A3}.Debug|x64.Build.0 = Debug|x64
		{A58F15D6-6AD2-5D4E-6943-30A4D5E170A3}.Debug9x|Win32.ActiveCfg = Debug|x64
		{A58F15D6-6AD2-5D4E-6943-30A4D5E170A3}.Debug9x|x64.ActiveCfg = Debug|x64
		{A58F15D6-6AD2-5D4E-6943-30A4D5E170A3}.Debug9x|x64.Build.0 = Debug|x64
		{A58F15D6-6AD2-5D4E-6943-30A4D5E170A3}.DebugNT|Win32.ActiveCfg = Debug|x64
		{A58F15D6-6AD2-5D4E-6943-30A4D5E170A3}.DebugNT|x64.ActiveCfg = Debug|x64
		{A58F15D6-6AD2-5D4E-6943-30A4D5E170A3}.DebugNT|x64.Build.0 = Debug|x64
		{A58F15D6-6AD2-5D4E-6943-30A4D5E170A3}.Release|Win32.ActiveCfg = Release|Win32
		{A58F15D6-6AD2-5D4E-6943-30A4D5E170A3}.Release|Win32.Build.0 = Release|Win32
		{A58F15D6-6AD2-5D4E-6943-30A4D5E170A3}.Release|x64.ActiveCfg = Release|x64
		{A58F15D6-6AD2-5D4E-6943-30A4D5E170A3}.Release|x64.Build.0 = Release|x64
		{A58F15D6-6AD2-5D4E-6943-30A4D5E170A3}.Release9x|Win32.ActiveCfg = Release|x64
		{A58F15D6-6AD2-5D4E-6943-30A4D5E170A3}.Release9x|x64.ActiveCfg = Release|x64
		{A58F15D6-6AD2-5D4E-6943-30A4D5E170A3}.Release9x|x64.Build.0 = Release|x64
		{A58F15D6-6AD2-5D4E-6943-30A4D5E170A3}.ReleaseNT|Win32.ActiveCfg = Release|x64
		{A58F15D6-6AD2-5D4E-6943-30A4D5E170A3}.ReleaseNT|x64.ActiveCfg = Release|x64
		{A58F15D6-6AD2-5D4E-6943-30A4D5E170A3}.ReleaseNT|x64.Build.0 = Release|x64
		{A58F15D6-6AD2-5D4E-6943-30A4D5E170A3}.Template|Win32.ActiveCfg = Template|Win32
		{A58F15D6-6AD2-5D4E-6943-30A4D5E170A3}.Template|Win32.Build.0 = Template|Win32
		{A58F15D6-6AD2-5D4E-6943-30A4D5E170A3}.Template|x64.ActiveCfg = Template|x64
		{A58F15D6-6AD2-5D4E-6943-30A4D5E170A3}.Template|x64.Build.0 = Template|x64
		{FE99D7FA-C5A2-E3B2-4386-C25458987347}.Debug|Win32.ActiveCfg = Debug|Win32
		{FE99D7FA-C5A2-E3B2-4386-C25458987347}.Debug|Win32.Build.0 = Debug|Win32
		{FE99D7FA-C5A2-E3B2-4386-C25458987347}.Debug|x64.ActiveCfg = Debug|x64
		{FE99D7FA-C5A2-E3B2-4386-C25458987347}.Debug|x64.Build.0 = Debug|x64
		{FE99D7FA-C5A2-E3B2-4386-C25458987347}.Debug9x|Win32.ActiveCfg = Debug|x64
		{FE99D7FA-C5A2-E3B2-4386-C25458987347}.Debug9x|x64.ActiveCfg = Debug|x64
		{FE99D7FA-C5A2-E3B2-4386-C25458987347}.Debug9x|x64.Build.0 = Debug|x64
		{FE99D7FA-C5A2-E3B2-4386-C25458987347}.DebugNT|Win32.ActiveCfg = Debug|x64
		{FE99D7FA-C5A2-E3B2-4386-C25458987347}.DebugNT|x64.ActiveCfg = Debug|x64
		{FE99D7FA-C5A2-E3B2-4386-C25458987347}.DebugNT|x64.Build.0 = Debug|x64
		{FE99D7FA-C5A2-E3B2-4386-C25458987347}.Release|Win32.ActiveCfg = Release|Win32
		{FE99D7FA-C5A2-E3B2-4386-C25458987347}.Release|Win32.Build.0 = Release|Win32
		{FE99D7FA-C5A2-E3B2-4386-C25458987347}.Release|x64.ActiveCfg = Release|x64
		{FE99D7FA-C5A2-E3B2-4386-C25458987347}.Release|x64.Build.0 = Release|x64
		{FE99D7FA-C5A2-E3B2-4386-C25458987347}.Release9x|Win32.ActiveCfg = Release|x64
		{FE99D7FA-C5A2-E3B2-4386-C25458987347}.Release9x|x64.ActiveCfg = Release|x64
		{FE99D7FA-C5A2-E3B2-4386-C25458987347}.Release9x|x64.Build.0 = Release|x64
		{FE99D7FA-C5A2-E3B2-4386-C25458987347}.ReleaseNT|Win32.ActiveCfg = Release|x64
		{FE99D7FA-C5A2-E3B2-4386-C25458987347}.ReleaseNT|x64.ActiveCfg = Release|x64
		{FE99D7FA-C5A2-E3B2-4386-C25458987347}.ReleaseNT|x64.Build.0 = Release|x64
		{FE99D7FA-C5A2-E3B2-4386-C25458987347}.Template|Win32.ActiveCfg = Template|Win32
		{FE99D7FA-C5A2-E3B2-4386-C25458987347}.Template|Win32.Build.0 = Template|Win32
		{FE99D7FA-C5A2-E3B2-4386-C25458987347}.Template|x64.ActiveCfg = Template|x64
		{FE99D7FA-C5A2-E3B2-4386-C25458987347}.Template|x64.Build.0 = Template|x64
		{33B458B3-B6AF-6542-8E56-E204DFDAE4AD}.Debug|Win32.ActiveCfg = Debug|Win32
		{33B458B3-B6AF-6542-8E56-E204DFDAE4AD}.Debug|Win32.Build.0 = Debug|Win32
		{33B458B3-B6AF-6542-8E56-E204DFDAE4AD}.Debug|x64.ActiveCfg = Debug|x64
		{33B458B3-B6AF-6542-8E56-E204DFDAE4AD}.Debug|x64.Build.0 = Debug|x64
		{33B458B3-B6AF-6542-8E56-E204DFDAE4AD}.Debug9x|Win32.ActiveCfg = Debug|x64
		{33B458B3-B6AF-6542-8E56-E204DFDAE4AD}.Debug9x|x64.ActiveCfg = Debug|x64
		{33B458B3-B6AF-6542-8E56-E204DFDAE4AD}.Debug9x|x64.Build.0 = Debug|x64
		{33B458B3-B6AF-6542-8E56-E204DFDAE4AD}.DebugNT|Win32.ActiveCfg = Debug|x64
		{33B458B3-B6AF-6542-8E56-E204DFDAE4AD}.DebugNT|x64.ActiveCfg = Debug|x64
		{33B458B3-B6AF-6542-8E56-E204DFDAE4AD}.DebugNT|x64.Build.0 = Debug|x64
		{33B458B3-B6AF-6542-8E56-E204DFDAE4AD}.Release|Win32.ActiveCfg = Release|Win32
		{33B458B3-B6AF-6542-8E56-E204DFDAE4AD}.Release|Win32.Build.0 = Release|Win32
		{33B458B3-B6AF-6542-8E56-E204DFDAE4AD}.Release|x64.ActiveCfg = Release|x64
		{33B458B3-B6AF-6542-8E56-E204DFDAE4AD}.Release|x64.Build.0 = Release|x64
		{33B458B3-B6AF-6542-8E56-E204DFDAE4AD}.Release9x|Win32.ActiveCfg = Release|x64
		{33B458B3-B6AF-6542-8E56-E204DFDAE4AD}.Release9x|x64.ActiveCfg = Release|x64
		{33B458B3-B6AF-6542-8E56-E204DFDAE4AD}.Release9x|x64.Build.0 = Release|x64
		{33B458B3-B6AF-6542-8E56-E204DFDAE4AD}.ReleaseNT|Win32.ActiveCfg = Release|x64
		{33B458B3-B6AF-6542-8E56-E204DFDAE4AD}.ReleaseNT|x64.ActiveCfg = Release|x64
		{33B458B3-B6AF-6542-8E56-E204DFDAE4AD}.ReleaseNT|x64.Build.0 = Release|x64
		{33B458B3-B6AF-6542-8E56-E204DFDAE4AD}.Template|Win32.ActiveCfg = Template|Win32
		{33B458B3-B6AF-6542-8E56-E204DFDAE4AD}.Template|Win32.Build.0 = Template|Win32
		{33B458B3-B6AF-6542-8E56-E204DFDAE4AD}.Template|x64.ActiveCfg = Template|x64
		{33B458B3-B6AF-6542-8E56-E204DFDAE4AD}.Template|x64.Build.0 = Template|x64
		{0D73C107-5E9E-5C69-10C9-C52731204A01}.Debug|Win32.ActiveCfg = Debug|Win32
		{0D73C107-5E9E-5C69-10C9-C52731204A01}.Debug|Win32.Build.0 = Debug|Win32
		{0D73C107-5E9E-5C69-10C9-C52731204A01}.Debug|x64.ActiveCfg = Debug|x64
		{0D73C107-5E9E-5C69-10C9-C52731204A01}.Debug|x64.Build.0 = Debug|x64
		{0D73C107-5E9E-5C69-10C9-C52731204A01}.Debug9x|Win32.ActiveCfg = Debug|x64
		{0D73C107-5E9E-5C69-10C9-C52731204A01}.Debug9x|x64.ActiveCfg = Debug|x64
		{0D73C107-5E9E-5C69-10C9-C52731204A01}.Debug9x|x64.Build.0 = Debug|x64
		{0D73C107-5E9E-5C69-10C9-C52731204A01}.DebugNT|Win32.ActiveCfg = Debug|x64
		{0D73C107-5E9E-5C69-10C9-C52731204A01}.DebugNT|x64.ActiveCfg = Debug|x64
		{0D73C107-5E9E-5C69-10C9-C52731204A01}.DebugNT|x64.Build.0 = Debug|x64
		{0D73C107-5E9E-5C69-10C9-C52731204A01}.Release|Win32.ActiveCfg = Release|Win32
		{0D73C107-5E9E-5C69-10C9-C52731204A01}.Release|Win32.Build.0 = Release|Win32
		{0D73C107-5E9E-5C69-10C9-C52731204A01}.Release|x64.ActiveCfg = Release|x64
		{0D73C107-5E9E-5C69-10C9-C52731204A01}.Release|x64.Build.0 = Release|x64
		{0D73C107-5E9E-5C69-10C9-C52731204A01}.Release9x|Win32.ActiveCfg = Release|x64
		{0D73C107-5E9E-5C69-10C9-C52731204A01}.Release9x|x64.ActiveCfg = Release|x64
		{0D73C107-5E9E-5C69-10C9-C52731204A01}.Release9x|x64.Build.0 = Release|x64
		{0D73C107-5E9E-5C69-10C9-C52731204A01}.ReleaseNT|Win32.ActiveCfg = Release|x64
		{0D73C107-5E9E-5C69-10C9-C52731204A01}.ReleaseNT|x64.ActiveCfg = Release|x64
		{0D73C107-5E9E-5C69-10C9-C52731204A01}.ReleaseNT|x64.Build.0 = Release|x64
		{0D73C107-5E9E-5C69-10C9-C52731204A01}.Template|Win32.ActiveCfg = Template|Win32
		{0D73C107-5E9E-5C69-10C9-C52731204A01}.Template|Win32.Build.0 = Template|Win32
		{0D73C107-5E9E-5C69-10C9-C52731204A01}.Template|x64.ActiveCfg = Template|x64
		{0D73C107-5E9E-5C69-10C9-C52731204A01}.Template|x64.Build.0 = Template|x64
		{BFC9EA25-2B1D-5F10-5074-63B63D2D5101}.Debug|Win32.ActiveCfg = Debug|Win32
		{BFC9EA25-2B1D-5F10-5074-63B63D2D5101}.Debug|Win32.Build.0 = Debug|Win32
		{BFC9EA25-2B1D-5F10-5074-63B63D2D5101}.Debug|x64.ActiveCfg = Debug|x64
		{BFC9EA25-2B1D-5F10-5074-63B63D2D5101}.Debug|x64.Build.0 = Debug|x64
		{BFC9EA25-2B1D-5F10-5074-63B63D2D5101}.Debug9x|Win32.ActiveCfg = Debug|x64
		{BFC9EA25-2B1D-5F10-5074-63B63D2D5101}.Debug9x|x64.ActiveCfg = Debug|x64
		{BFC9EA25-2B1D-5F10-5074-63B63D2D5101}.Debug9x|x64.Build.0 = Debug|x64
		{BFC9EA25-2B1D-5F10-5074-63B63D2D5101}.DebugNT|Win32.ActiveCfg = Debug|x64
		{BFC9EA25-2B1D-5F10-5074-63B63D2D5101}.DebugNT|x64.ActiveCfg = Debug|x64
		{BFC9EA25-2B1D-5F10-5074-63B63D2D5101}.DebugNT|x64.Build.0 = Debug|x64
		{BFC9EA25-2B1D-5F10-5074-63B63D2D5101}.Release|Win32.ActiveCfg = Release|Win32
		{BFC9EA25-2B1D-5F10-5074-63B63D2D5101}.Release|Win32.Build.0 = Release|Win32
		{BFC9EA25-2B1D-5F10-5074-63B63D2D5101}.Release|x64.ActiveCfg = Release|x64
		{BFC9EA25-2B1D-5F10-5074-63B63D2D5101}.Release|x64.Build.0 = Release|x64
		{BFC9EA25-2B1D-5F10-5074-63B63D2D5101}.Release9x|Win32.ActiveCfg = Release|x64
		{BFC9EA25-2B1D-5F10-5074-63B63D2D5101}.Release9x|x64.ActiveCfg = Release|x64
		{BFC9EA25-2B1D-5F10-5074-63B63D2D5101}.Release9x|x64.Build.0 = Release|x64
		{BFC9EA25-2B1D-5F10-5074-63B63D2D5101}.ReleaseNT|Win32.ActiveCfg = Release|x64
		{BFC9EA25-2B1D-5F10-5074-63B63D2D5101}.ReleaseNT|x64.ActiveCfg = Release|x64
		{BFC9EA25-2B1D-5F10-5074-63B63D2D5101}.ReleaseNT|x64.Build.0 = Release|x64
		{BFC9EA25-2B1D-5F10-5074-63B63D2D5101}.Template|Win32.ActiveCfg = Template|Win32
		{BFC9EA25-2B1D-5F10-5074-63B63D2D5101}.Template|Win32.Build.0 = Template|Win32
		{BFC9EA25-2B1D-5F10-5074-63B63D2D5101}.Template|x64.ActiveCfg = Template|x64
		{BFC9EA25-2B1D-5F10-5074-63B63D2D5101}.Template|x64.Build.0 = Template|x64
		{712F93BE-F81A-FAC8-DDD6-299683D77726}.Debug|Win32.ActiveCfg = Debug|Win32
		{712F93BE-F81A-FAC8-DDD6-299683D77726}.Debug|Win32.Build.0 = Debug|Win32
		{712F93BE-F81A-FAC8-DDD6-299683D77726}.Debug|x64.ActiveCfg = Debug|x64
		{712F93BE-F81A-FAC8-DDD6-299683D77726}.Debug|x64.Build.0 = Debug|x64
		{712F93BE-F81A-FAC8-DDD6-299683D77726}.Debug9x|Win32.ActiveCfg = Debug|x64
		{712F93BE-F81A-FAC8-DDD6-299683D77726}.Debug9x|x64.ActiveCfg = Debug|x64
		{712F93BE-F81A-FAC8-DDD6-299683D77726}.Debug9x|x64.Build.0 = Debug|x64
		{712F93BE-F81A-FAC8-DDD6-299683D77726}.DebugNT|Win32.ActiveCfg = Debug|x64
		{712F93BE-F81A-FAC8-DDD6-299683D77726}.DebugNT|x64.ActiveCfg = Debug|x64
		{712F93BE-F81A-FAC8-DDD6-299683D77726}.DebugNT|x64.Build.0 = Debug|x64
		{712F93BE-F81A-FAC8-DDD6-299683D77726}.Release|Win32.ActiveCfg = Release|Win32
		{712F93BE-F81A-FAC8-DDD6-299683D77726}.Release|Win32.Build.0 = Release|Win32
		{712F93BE-F81A-FAC8-DDD6-299683D77726}.Release|x64.ActiveCfg = Release|x64
		{712F93BE-F81A-FAC8-DDD6-299683D77726}.Release|x64.Build.0 = Release|x64
		{712F93BE-F81A-FAC8-DDD6-299683D77726}.Release9x|Win32.ActiveCfg = Release|x64
		{712F93BE-F81A-FAC8-DDD6-299683D77726}.Release9x|x64.ActiveCfg = Release|x64
		{712F93BE-F81A-FAC8-DDD6-299683D77726}.Release9x|x64.Build.0 = Release|x64
		{712F93BE-F81A-FAC8-DDD6-299683D77726}.ReleaseNT|Win32.ActiveCfg = Release|x64
		{712F93BE-F81A-FAC8-DDD6-299683D77726}.ReleaseNT|x64.ActiveCfg = Release|x64
		{712F93BE-F81A-FAC8-DDD6-299683D77726}.ReleaseNT|x64.Build.0 = Release|x64
		{712F93BE-F81A-FAC8-DDD6-299683D77726}.Template|Win32.ActiveCfg = Template|Win32
		{712F93BE-F81A-FAC8-DDD6-299683D77726}.Template|Win32.Build.0 = Template|Win32
		{712F93BE-F81A-FAC8-DDD6-299683D77726}.Template|x64.ActiveCfg = Template|x64
		{712F93BE-F81A-FAC8-DDD6-299683D77726}.Template|x64.Build.0 = Template|x64
		{EA806BA0-1D4A-4B15-6AB7-09509B4B48DC}.Debug|Win32.ActiveCfg = Debug|Win32
		{EA806BA0-1D4A-4B15-6AB7-09509B4B48DC}.Debug|Win32.Build.0 = Debug|Win32
		{EA806BA0-1D4A-4B15-6AB7-09509B4B48DC}.Debug|x64.ActiveCfg = Debug|x64
		{EA806BA0-1D4A-4B15-6AB7-09509B4B48DC}.Debug|x64.Build.0 = Debug|x64
		{EA806BA0-1D4A-4B15-6AB7-09509B4B48DC}.Debug9x|Win32.ActiveCfg = Debug|x64
		{EA806BA0-1D4A-4B15-6AB7-09509B4B48DC}.Debug9x|x64.ActiveCfg = Debug|x64
		{EA806BA0-1D4A-4B15-6AB7-09509B4B48DC}.Debug9x|x64.Build.0 = Debug|x64
		{EA806BA0-1D4A-4B15-6AB7-09509B4B48DC}.DebugNT|Win32.ActiveCfg = Debug|x64
		{EA806BA0-1D4A-4B15-6AB7-09509B4B48DC}.DebugNT|x64.ActiveCfg = Debug|x64
		{EA806BA0-1D4A-4B15-6AB7-09509B4B48DC}.DebugNT|x64.Build.0 = Debug|x64
		{EA806BA0-1D4A-4B15-6AB7-09509B4B48DC}.Release|Win32.ActiveCfg = Release|Win32
		{EA806BA0-1D4A-4B15-6AB7-09509B4B48DC}.Release|Win32.Build.0 = Release|Win32
		{EA806BA0-1D4A-4B15-6AB7-09509B4B48DC}.Release|x64.ActiveCfg = Release|x64
		{EA806BA0-1D4A-4B15-6AB7-09509B4B48DC}.Release|x64.Build.0 = Release|x64
		{EA806BA0-1D4A-4B15-6AB7-09509B4B48DC}.Release9x|Win32.ActiveCfg = Release|x64
		{EA806BA0-1D4A-4B15-6AB7-09509B4B48DC}.Release9x|x64.ActiveCfg = Release|x64
		{EA806BA0-1D4A-4B15-6AB7-09509B4B48DC}.Release9x|x64.Build.0 = Release|x64
		{EA806BA0-1D4A-4B15-6AB7-09509B4B48DC}.ReleaseNT|Win32.ActiveCfg = Release|x64
		{EA806BA0-1D4A-4B15-6AB7-09509B4B48DC}.ReleaseNT|x64.ActiveCfg = Release|x64
		{EA806BA0-1D4A-4B15-6AB7-09509B4B48DC}.ReleaseNT|x64.Build.0 = Release|x64
		{EA806BA0-1D4A-4B15-6AB7-09509B4B48DC}.Template|Win32.ActiveCfg = Template|Win32
		{EA806BA0-1D4A-4B15-6AB7-09509B4B48DC}.Template|Win32.Build.0 = Template|Win32
		{EA806BA0-1D4A-4B15-6AB7-09509B4B48DC}.Template|x64.ActiveCfg = Template|x64
		{EA806BA0-1D4A-4B15-6AB7-09509B4B48DC}.Template|x64.Build.0 = Template|x64
		{F2987B99-AA15-368E-15CD-0382477C1B69}.Debug|Win32.ActiveCfg = Debug|Win32
		{F2987B99-AA15-368E-15CD-0382477C1B69}.Debug|Win32.Build.0 = Debug|Win32
		{F2987B99-AA15-368E-15CD-0382477C1B69}.Debug|x64.ActiveCfg = Debug|x64
		{F2987B99-AA15-368E-15CD-0382477C1B69}.Debug|x64.Build.0 = Debug|x64
		{F2987B99-AA15-368E-15CD-0382477C1B69}.Debug9x|Win32.ActiveCfg = Debug|x64
		{F2987B99-AA15-368E-15CD-0382477C1B69}.Debug9x|x64.ActiveCfg = Debug|x64
		{F2987B99-AA15-368E-15CD-0382477C1B69}.Debug9x|x64.Build.0 = Debug|x64
		{F2987B99-AA15-368E-15CD-0382477C1B69}.DebugNT|Win32.ActiveCfg = Debug|x64
		{F2987B99-AA15-368E-15CD-0382477C1B69}.DebugNT|x64.ActiveCfg = Debug|x64
		{F2987B99-AA15-368E-15CD-0382477C1B69}.DebugNT|x64.Build.0 = Debug|x64
		{F2987B99-AA15-368E-15CD-0382477C1B69}.Release|Win32.ActiveCfg = Release|Win32
		{F2987B99-AA15-368E-15CD-0382477C1B69}.Release|Win32.Build.0 = Release|Win32
		{F2987B99-AA15-368E-15CD-0382477C1B69}.Release|x64.ActiveCfg = Release|x64
		{F2987B99-AA15-368E-15CD-0382477C1B69}.Release|x64.Build.0 = Release|x64
		{F2987B99-AA15-368E-15CD-0382477C1B69}.Release9x|Win32.ActiveCfg = Release|x64
		{F2987B99-AA15-368E-15CD-0382477C1B69}.Release9x|x64.ActiveCfg = Release|x64
		{F2987B99-AA15-368E-15CD-0382477C1B69}.Release9x|x64.Build.0 = Release|x64
		{F2987B99-AA15-368E-15CD-0382477C1B69}.ReleaseNT|Win32.ActiveCfg = Release|x64
		{F2987B99-AA15-368E-15CD-0382477C1B69}.ReleaseNT|x64.ActiveCfg = Release|x64
		{F2987B99-AA15-368E-15CD-0382477C1B69}.ReleaseNT|x64.Build.0 = Release|x64
		{F2987B99-AA15-368E-15CD-0382477C1B69}.Template|Win32.ActiveCfg = Template|Win32
		{F2987B99-AA15-368E-15CD-0382477C1B69}.Template|Win32.Build.0 = Template|Win32
		{F2987B99-AA15-368E-15CD-0382477C1B69}.Template|x64.ActiveCfg = Template|x64
		{F2987B99-AA15-368E-15CD-0382477C1B69}.Template|x64.Build.0 = Template|x64
		{094F9456-B1FD-B4EC-EEE2-68049FBF9ABA}.Debug|Win32.ActiveCfg = Debug|Win32
		{094F9456-B1FD-B4EC-EEE2-68049FBF9ABA}.Debug|Win32.Build.0 = Debug|Win32
		{094F9456-B1FD-B4EC-EEE2-68049FBF9ABA}.Debug|x64.ActiveCfg = Debug|x64
		{094F9456-B1FD-B4EC-EEE2-68049FBF9ABA}.Debug|x64.Build.0 = Debug|x64
		{094F9456-B1FD-B4EC-EEE2-68049FBF9ABA}.Debug9x|Win32.ActiveCfg = Debug|x64
		{094F9456-B1FD-B4EC-EEE2-68049FBF9ABA}.Debug9x|x64.ActiveCfg = Debug|x64
		{094F9456-B1FD-B4EC-EEE2-68049FBF9ABA}.Debug9x|x64.Build.0 = Debug|x64
		{094F9456-B1FD-B4EC-EEE2-68049FBF9ABA}.DebugNT|Win32.ActiveCfg = Debug|x64
		{094F9456-B1FD-B4EC-EEE2-68049FBF9ABA}.DebugNT|x64.ActiveCfg = Debug|x64
		{094F9456-B1FD-B4EC-EEE2-68049FBF9ABA}.DebugNT|x64.Build.0 = Debug|x64
		{094F9456-B1FD-B4EC-EEE2-68049FBF9ABA}.Release|Win32.ActiveCfg = Release|Win32
		{094F9456-B1FD-B4EC-EEE2-68049FBF9ABA}.Release|Win32.Build.0 = Release|Win32
		{094F9456-B1FD-B4EC-EEE2-68049FBF9ABA}.Release|x64.ActiveCfg = Release|x64
		{094F9456-B1FD-B4EC-EEE2-68049FBF9ABA}.Release|x64.Build.0 = Release|x64
		{094F9456-B1FD-B4EC-EEE2-68049FBF9ABA}.Release9x|Win32.ActiveCfg = Release|x64
		{094F9456-B1FD-B4EC-EEE2-68049FBF9ABA}.Release9x|x64.ActiveCfg = Release|x64
		{094F9456-B1FD-B4EC-EEE2-68049FBF9ABA}.Release9x|x64.Build.0 = Release|x64
		{094F9456-B1FD-B4EC-EEE2-68049FBF9ABA}.ReleaseNT|Win32.ActiveCfg = Release|x64
		{094F9456-B1FD-B4EC-EEE2-68049FBF9ABA}.ReleaseNT|x64.ActiveCfg = Release|x64
		{094F9456-B1FD-B4EC-EEE2-68049FBF9ABA}.ReleaseNT|x64.Build.0 = Release|x64
		{094F9456-B1FD-B4EC-EEE2-68049FBF9ABA}.Template|Win32.ActiveCfg = Template|Win32
		{094F9456-B1FD-B4EC-EEE2-68049FBF9ABA}.Template|Win32.Build.0 = Template|Win32
		{094F9456-B1FD-B4EC-EEE2-68049FBF9ABA}.Template|x64.ActiveCfg = Template|x64
		{094F9456-B1FD-B4EC-EEE2-68049FBF9ABA}.Template|x64.Build.0 = Template|x64
		{B988972A-C474-B7AF-E317-4478644A7C4A}.Debug|Win32.ActiveCfg = Debug|Win32
		{B988972A-C474-B7AF-E317-4478644A7C4A}.Debug|Win32.Build.0 = Debug|Win32
		{B988972A-C474-B7AF-E317-4478644A7C4A}.Debug|x64.ActiveCfg = Debug|x64
		{B988972A-C474-B7AF-E317-4478644A7C4A}.Debug|x64.Build.0 = Debug|x64
		{B988972A-C474-B7AF-E317-4478644A7C4A}.Debug9x|Win32.ActiveCfg = Debug|x64
		{B988972A-C474-B7AF-E317-4478644A7C4A}.Debug9x|x64.ActiveCfg = Debug|x64
		{B988972A-C474-B7AF-E317-4478644A7C4A}.Debug9x|x64.Build.0 = Debug|x64
		{B988972A-C474-B7AF-E317-4478644A7C4A}.DebugNT|Win32.ActiveCfg = Debug|x64
		{B988972A-C474-B7AF-E317-4478644A7C4A}.DebugNT|x64.ActiveCfg = Debug|x64
		{B988972A-C474-B7AF-E317-4478644A7C4A}.DebugNT|x64.Build.0 = Debug|x64
		{B988972A-C474-B7AF-E317-4478644A7C4A}.Release|Win32.ActiveCfg = Release|Win32
		{B988972A-C474-B7AF-E317-4478644A7C4A}.Release|Win32.Build.0 = Release|Win32
		{B988972A-C474-B7AF-E317-4478644A7C4A}.Release|x64.ActiveCfg = Release|x64
		{B988972A-C474-B7AF-E317-4478644A7C4A}.Release|x64.Build.0 = Release|x64
		{B988972A-C474-B7AF-E317-4478644A7C4A}.Release9x|Win32.ActiveCfg = Release|x64
		{B988972A-C474-B7AF-E317-4478644A7C4A}.Release9x|x64.ActiveCfg = Release|x64
		{B988972A-C474-B7AF-E317-4478644A7C4A}.Release9x|x64.Build.0 = Release|x64
		{B988972A-C474-B7AF-E317-4478644A7C4A}.ReleaseNT|Win32.ActiveCfg = Release|x64
		{B988972A-C474-B7AF-E317-4478644A7C4A}.ReleaseNT|x64.ActiveCfg = Release|x64
		{B988972A-C474-B7AF-E317-4478644A7C4A}.ReleaseNT|x64.Build.0 = Release|x64
		{B988972A-C474-B7AF-E317-4478644A7C4A}.Template|Win32.ActiveCfg = Template|Win32
		{B988972A-C474-B7AF-E317-4478644A7C4A}.Template|Win32.Build.0 = Template|Win32
		{B988972A-C474-B7AF-E317-4478644A7C4A}.Template|x64.ActiveCfg = Template|x64
		{B988972A-C474-B7AF-E317-4478644A7C4A}.Template|x64.Build.0 = Template|x64
		{38C9E20D-CE3A-D613-BBF0-C0F277BA54C0}.Debug|Win32.ActiveCfg = Debug|Win32
		{38C9E20D-CE3A-D613-BBF0-C0F277BA54C0}.Debug|Win32.Build.0 = Debug|Win32
		{38C9E20D-CE3A-D613-BBF0-C0F277BA54C0}.Debug|x64.ActiveCfg = Debug|x64
		{38C9E20D-CE3A-D613-BBF0-C0F277BA54C0}.Debug|x64.Build.0 = Debug|x64
		{38C9E20D-CE3A-D613-BBF0-C0F277BA54C0}.Debug9x|Win32.ActiveCfg = Debug|x64
		{38C9E20D-CE3A-D613-BBF0-C0F277BA54C0}.Debug9x|x64.ActiveCfg = Debug|x64
		{38C9E20D-CE3A-D613-BBF0-C0F277BA54C0}.Debug9x|x64.Build.0 = Debug|x64
		{38C9E20D-CE3A-D613-BBF0-C0F277BA54C0}.DebugNT|Win32.ActiveCfg = Debug|x64
		{38C9E20D-CE3A-D613-BBF0-C0F277BA54C0}.DebugNT|x64.ActiveCfg = Debug|x64
		{38C9E20D-CE3A-D613-BBF0-C0F277BA54C0}.DebugNT|x64.Build.0 = Debug|x64
		{38C9E20D-CE3A-D613-BBF0-C0F277BA54C0}.Release|Win32.ActiveCfg = Release|Win32
		{38C9E20D-CE3A-D613-BBF0-C0F277BA54C0}.Release|Win32.Build.0 = Release|Win32
		{38C9E20D-CE3A-D613-BBF0-C0F277BA54C0}.Release|x64.ActiveCfg = Release|x64
		{38C9E20D-CE3A-D613-BBF0-C0F277BA54C0}.Release|x64.Build.0 = Release|x64
		{38C9E20D-CE3A-D613-BBF0-C0F277BA54C0}.Release9x|Win32.ActiveCfg = Release|x64
		{38C9E20D-CE3A-D613-BBF0-C0F277BA54C0}.Release9x|x64.ActiveCfg = Release|x64
		{38C9E20D-CE3A-D613-BBF0-C0F277BA54C0}.Release9x|x64.Build.0 = Release|x64
		{38C9E20D-CE3A-D613-BBF0-C0F277BA54C0}.ReleaseNT|Win32.ActiveCfg = Release|x64
		{38C9E20D-CE3A-D613-BBF0-C0F277BA54C0}.ReleaseNT|x64.ActiveCfg = Release|x64
		{38C9E20D-CE3A-D613-BBF0-C0F277BA54C0}.ReleaseNT|x64.Build.0 = Release|x64
		{38C9E20D-CE3A-D613-BBF0-C0F277BA54C0}.Template|Win32.ActiveCfg = Template|Win32
		{38C9E20D-CE3A-D613-BBF0-C0F277BA54C0}.Template|Win32.Build.0 = Template|Win32
		{38C9E20D-CE3A-D613-BBF0-C0F277BA54C0}.Template|x64.ActiveCfg = Template|x64
		{38C9E20D-CE3A-D613-BBF0-C0F277BA54C0}.Template|x64.Build.0 = Template|x64
		{0B76F2AE-FB7A-2628-A42E-8F9A84B07949}.Debug|Win32.ActiveCfg = Debug|Win32
		{0B76F2AE-FB7A-2628-A42E-8F9A84B07949}.Debug|Win32.Build.0 = Debug|Win32
		{0B76F2AE-FB7A-2628-A42E-8F9A84B07949}.Debug|x64.ActiveCfg = Debug|x64
		{0B76F2AE-FB7A-2628-A42E-8F9A84B07949}.Debug|x64.Build.0 = Debug|x64
		{0B76F2AE-FB7A-2628-A42E-8F9A84B07949}.Debug9x|Win32.ActiveCfg = Debug9x|Win32
		{0B76F2AE-FB7A-2628-A42E-8F9A84B07949}.Debug9x|Win32.Build.0 = Debug9x|Win32
		{0B76F2AE-FB7A-2628-A42E-8F9A84B07949}.Debug9x|x64.ActiveCfg = Debug9x|x64
		{0B76F2AE-FB7A-2628-A42E-8F9A84B07949}.Debug9x|x64.Build.0 = Debug9x|x64
		{0B76F2AE-FB7A-2628-A42E-8F9A84B07949}.DebugNT|Win32.ActiveCfg = Debug|x64
		{0B76F2AE-FB7A-2628-A42E-8F9A84B07949}.DebugNT|x64.ActiveCfg = Debug|x64
		{0B76F2AE-FB7A-2628-A42E-8F9A84B07949}.DebugNT|x64.Build.0 = Debug|x64
		{0B76F2AE-FB7A-2628-A42E-8F9A84B07949}.Release|Win32.ActiveCfg = Release|Win32
		{0B76F2AE-FB7A-2628-A42E-8F9A84B07949}.Release|Win32.Build.0 = Release|Win32
		{0B76F2AE-FB7A-2628-A42E-8F9A84B07949}.Release|x64.ActiveCfg = Release|x64
		{0B76F2AE-FB7A-2628-A42E-8F9A84B07949}.Release|x64.Build.0 = Release|x64
		{0B76F2AE-FB7A-2628-A42E-8F9A84B07949}.Release9x|Win32.ActiveCfg = Release9x|Win32
		{0B76F2AE-FB7A-2628-A42E-8F9A84B07949}.Release9x|Win32.Build.0 = Release9x|Win32
		{0B76F2AE-FB7A-2628-A42E-8F9A84B07949}.Release9x|x64.ActiveCfg = Release9x|x64
		{0B76F2AE-FB7A-2628-A42E-8F9A84B07949}.Release9x|x64.Build.0 = Release9x|x64
		{0B76F2AE-FB7A-2628-A42E-8F9A84B07949}.ReleaseNT|Win32.ActiveCfg = Release|x64
		{0B76F2AE-FB7A-2628-A42E-8F9A84B07949}.ReleaseNT|x64.ActiveCfg = Release|x64
		{0B76F2AE-FB7A-2628-A42E-8F9A84B07949}.ReleaseNT|x64.Build.0 = Release|x64
		{0B76F2AE-FB7A-2628-A42E-8F9A84B07949}.Template|Win32.ActiveCfg = Template|Win32
		{0B76F2AE-FB7A-2628-A42E-8F9A84B07949}.Template|Win32.Build.0 = Template|Win32
		{0B76F2AE-FB7A-2628-A42E-8F9A84B07949}.Template|x64.ActiveCfg = Template|x64
		{0B76F2AE-FB7A-2628-A42E-8F9A84B07949}.Template|x64.Build.0 = Template|x64
		{A87D2A96-F05E-4A69-F97B-124F4699C8B0}.Debug|Win32.ActiveCfg = Debug|Win32
		{A87D2A96-F05E-4A69-F97B-124F4699C8B0}.Debug|Win32.Build.0 = Debug|Win32
		{A87D2A96-F05E-4A69-F97B-124F4699C8B0}.Debug|x64.ActiveCfg = Debug|x64
		{A87D2A96-F05E-4A69-F97B-124F4699C8B0}.Debug|x64.Build.0 = Debug|x64
		{A87D2A96-F05E-4A69-F97B-124F4699C8B0}.Debug9x|Win32.ActiveCfg = Debug9x|Win32
		{A87D2A96-F05E-4A69-F97B-124F4699C8B0}.Debug9x|Win32.Build.0 = Debug9x|Win32
		{A87D2A96-F05E-4A69-F97B-124F4699C8B0}.Debug9x|x64.ActiveCfg = Debug9x|x64
		{A87D2A96-F05E-4A69-F97B-124F4699C8B0}.Debug9x|x64.Build.0 = Debug9x|x64
		{A87D2A96-F05E-4A69-F97B-124F4699C8B0}.DebugNT|Win32.ActiveCfg = Debug|x64
		{A87D2A96-F05E-4A69-F97B-124F4699C8B0}.DebugNT|x64.ActiveCfg = Debug|x64
		{A87D2A96-F05E-4A69-F97B-124F4699C8B0}.DebugNT|x64.Build.0 = Debug|x64
		{A87D2A96-F05E-4A69-F97B-124F4699C8B0}.Release|Win32.ActiveCfg = Release|Win32
		{A87D2A96-F05E-4A69-F97B-124F4699C8B0}.Release|Win32.Build.0 = Release|Win32
		{A87D2A96-F05E-4A69-F97B-124F4699C8B0}.Release|x64.ActiveCfg = Release|x64
		{A87D2A96-F05E-4A69-F97B-124F4699C8B0}.Release|x64.Build.0 = Release|x64
		{A87D2A96-F05E-4A69-F97B-124F4699C8B0}.Release9x|Win32.ActiveCfg = Release9x|Win32
		{A87D2A96-F05E-4A69-F97B-124F4699C8B0}.Release9x|Win32.Build.0 = Release9x|Win32
		{A87D2A96-F05E-4A69-F97B-124F4699C8B0}.Release9x|x64.ActiveCfg = Release9x|x64
		{A87D2A96-F05E-4A69-F97B-124F4699C8B0}.Release9x|x64.Build.0 = Release9x|x64
		{A87D2A96-F05E-4A69-F97B-124F4699C8B0}.ReleaseNT|Win32.ActiveCfg = Release|x64
		{A87D2A96-F05E-4A69-F97B-124F4699C8B0}.ReleaseNT|x64.ActiveCfg = Release|x64
		{A87D2A96-F05E-4A69-F97B-124F4699C8B0}.ReleaseNT|x64.Build.0 = Release|x64
		{A87D2A96-F05E-4A69-F97B-124F4699C8B0}.Template|Win32.ActiveCfg = Template|Win32
		{A87D2A96-F05E-4A69-F97B-124F4699C8B0}.Template|Win32.Build.0 = Template|Win32
		{A87D2A96-F05E-4A69-F97B-124F4699C8B0}.Template|x64.ActiveCfg = Template|x64
		{A87D2A96-F05E-4A69-F97B-124F4699C8B0}.Template|x64.Build.0 = Template|x64
		{843C365F-37B6-188F-99D7-39B12B87466F}.Debug|Win32.ActiveCfg = Debug|Win32
		{843C365F-37B6-188F-99D7-39B12B87466F}.Debug|Win32.Build.0 = Debug|Win32
		{843C365F-37B6-188F-99D7-39B12B87466F}.Debug|x64.ActiveCfg = Debug|x64
		{843C365F-37B6-188F-99D7-39B12B87466F}.Debug|x64.Build.0 = Debug|x64
		{843C365F-37B6-188F-99D7-39B12B87466F}.Debug9x|Win32.ActiveCfg = Debug|x64
		{843C365F-37B6-188F-99D7-39B12B87466F}.Debug9x|x64.ActiveCfg = Debug|x64
		{843C365F-37B6-188F-99D7-39B12B87466F}.Debug9x|x64.Build.0 = Debug|x64
		{843C365F-37B6-188F-99D7-39B12B87466F}.DebugNT|Win32.ActiveCfg = Debug|x64
		{843C365F-37B6-188F-99D7-39B12B87466F}.DebugNT|x64.ActiveCfg = Debug|x64
		{843C365F-37B6-188F-99D7-39B12B87466F}.DebugNT|x64.Build.0 = Debug|x64
		{843C365F-37B6-188F-99D7-39B12B87466F}.Release|Win32.ActiveCfg = Release|Win32
		{843C365F-37B6-188F-99D7-39B12B87466F}.Release|Win32.Build.0 = Release|Win32
		{843C365F-37B6-188F-99D7-39B12B87466F}.Release|x64.ActiveCfg = Release|x64
		{843C365F-37B6-188F-99D7-39B12B87466F}.Release|x64.Build.0 = Release|x64
		{843C365F-37B6-188F-99D7-39B12B87466F}.Release9x|Win32.ActiveCfg = Release|x64
		{843C365F-37B6-188F-99D7-39B12B87466F}.Release9x|x64.ActiveCfg = Release|x64
		{843C365F-37B6-188F-99D7-39B12B87466F}.Release9x|x64.Build.0 = Release|x64
		{843C365F-37B6-188F-99D7-39B12B87466F}.ReleaseNT|Win32.ActiveCfg = Release|x64
		{843C365F-37B6-188F-99D7-39B12B87466F}.ReleaseNT|x64.ActiveCfg = Release|x64
		{843C365F-37B6-188F-99D7-39B12B87466F}.ReleaseNT|x64.Build.0 = Release|x64
		{843C365F-37B6-188F-99D7-39B12B87466F}.Template|Win32.ActiveCfg = Template|Win32
		{843C365F-37B6-188F-99D7-39B12B87466F}.Template|Win32.Build.0 = Template|Win32
		{843C365F-37B6-188F-99D7-39B12B87466F}.Template|x64.ActiveCfg = Template|x64
		{843C365F-37B6-188F-99D7-39B12B87466F}.Template|x64.Build.0 = Template|x64
		{759236FD-82B9-D7BD-032E-B78D2645CE1B}.Debug|Win32.ActiveCfg = Debug|Win32
		{759236FD-82B9-D7BD-032E-B78D2645CE1B}.Debug|Win32.Build.0 = Debug|Win32
		{759236FD-82B9-D7BD-032E-B78D2645CE1B}.Debug|x64.ActiveCfg = Debug|x64
		{759236FD-82B9-D7BD-032E-B78D2645CE1B}.Debug|x64.Build.0 = Debug|x64
		{759236FD-82B9-D7BD-032E-B78D2645CE1B}.Debug9x|Win32.ActiveCfg = Debug9x|Win32
		{759236FD-82B9-D7BD-032E-B78D2645CE1B}.Debug9x|Win32.Build.0 = Debug9x|Win32
		{759236FD-82B9-D7BD-032E-B78D2645CE1B}.Debug9x|x64.ActiveCfg = Debug9x|x64
		{759236FD-82B9-D7BD-032E-B78D2645CE1B}.Debug9x|x64.Build.0 = Debug9x|x64
		{759236FD-82B9-D7BD-032E-B78D2645CE1B}.DebugNT|Win32.ActiveCfg = DebugNT|Win32
		{759236FD-82B9-D7BD-032E-B78D2645CE1B}.DebugNT|Win32.Build.0 = DebugNT|Win32
		{759236FD-82B9-D7BD-032E-B78D2645CE1B}.DebugNT|x64.ActiveCfg = DebugNT|x64
		{759236FD-82B9-D7BD-032E-B78D2645CE1B}.DebugNT|x64.Build.0 = DebugNT|x64
		{759236FD-82B9-D7BD-032E-B78D2645CE1B}.Release|Win32.ActiveCfg = Release|Win32
		{759236FD-82B9-D7BD-032E-B78D2645CE1B}.Release|Win32.Build.0 = Release|Win32
		{759236FD-82B9-D7BD-032E-B78D2645CE1B}.Release|x64.ActiveCfg = Release|x64
		{759236FD-82B9-D7BD-032E-B78D2645CE1B}.Release|x64.Build.0 = Release|x64
		{759236FD-82B9-D7BD-032E-B78D2645CE1B}.Release9x|Win32.ActiveCfg = Release9x|Win32
		{759236FD-82B9-D7BD-032E-B78D2645CE1B}.Release9x|Win32.Build.0 = Release9x|Win32
		{759236FD-82B9-D7BD-032E-B78D2645CE1B}.Release9x|x64.ActiveCfg = Release9x|x64
		{759236FD-82B9-D7BD-032E-B78D2645CE1B}.Release9x|x64.Build.0 = Release9x|x64
		{759236FD-82B9-D7BD-032E-B78D2645CE1B}.ReleaseNT|Win32.ActiveCfg = ReleaseNT|Win32
		{759236FD-82B9-D7BD-032E-B78D2645CE1B}.ReleaseNT|Win32.Build.0 = ReleaseNT|Win32
		{759236FD-82B9-D7BD-032E-B78D2645CE1B}.ReleaseNT|x64.ActiveCfg = ReleaseNT|x64
		{759236FD-82B9-D7BD-032E-B78D2645CE1B}.ReleaseNT|x64.Build.0 = ReleaseNT|x64
		{759236FD-82B9-D7BD-032E-B78D2645CE1B}.Template|Win32.ActiveCfg = Template|Win32
		{759236FD-82B9-D7BD-032E-B78D2645CE1B}.Template|Win32.Build.0 = Template|Win32
		{759236FD-82B9-D7BD-032E-B78D2645CE1B}.Template|x64.ActiveCfg = Template|x64
		{759236FD-82B9-D7BD-032E-B78D2645CE1B}.Template|x64.Build.0 = Template|x64
		{0D191873-9880-2B17-A9AD-7B0F741303F7}.Debug|Win32.ActiveCfg = Debug|Win32
		{0D191873-9880-2B17-A9AD-7B0F741303F7}.Debug|Win32.Build.0 = Debug|Win32
		{0D191873-9880-2B17-A9AD-7B0F741303F7}.Debug|x64.ActiveCfg = Debug|x64
		{0D191873-9880-2B17-A9AD-7B0F741303F7}.Debug|x64.Build.0 = Debug|x64
		{0D191873-9880-2B17-A9AD-7B0F741303F7}.Debug9x|Win32.ActiveCfg = Debug9x|Win32
		{0D191873-9880-2B17-A9AD-7B0F741303F7}.Debug9x|Win32.Build.0 = Debug9x|Win32
		{0D191873-9880-2B17-A9AD-7B0F741303F7}.Debug9x|x64.ActiveCfg = Debug9x|x64
		{0D191873-9880-2B17-A9AD-7B0F741303F7}.Debug9x|x64.Build.0 = Debug9x|x64
		{0D191873-9880-2B17-A9AD-7B0F741303F7}.DebugNT|Win32.ActiveCfg = DebugNT|Win32
		{0D191873-9880-2B17-A9AD-7B0F741303F7}.DebugNT|Win32.Build.0 = DebugNT|Win32
		{0D191873-9880-2B17-A9AD-7B0F741303F7}.DebugNT|x64.ActiveCfg = DebugNT|x64
		{0D191873-9880-2B17-A9AD-7B0F741303F7}.DebugNT|x64.Build.0 = DebugNT|x64
		{0D191873-9880-2B17-A9AD-7B0F741303F7}.Release|Win32.ActiveCfg = Release|Win32
		{0D191873-9880-2B17-A9AD-7B0F741303F7}.Release|Win32.Build.0 = Release|Win32
		{0D191873-9880-2B17-A9AD-7B0F741303F7}.Release|x64.ActiveCfg = Release|x64
		{0D191873-9880-2B17-A9AD-7B0F741303F7}.Release|x64.Build.0 = Release|x64
		{0D191873-9880-2B17-A9AD-7B0F741303F7}.Release9x|Win32.ActiveCfg = Release9x|Win32
		{0D191873-9880-2B17-A9AD-7B0F741303F7}.Release9x|Win32.Build.0 = Release9x|Win32
		{0D191873-9880-2B17-A9AD-7B0F741303F7}.Release9x|x64.ActiveCfg = Release9x|x64
		{0D191873-9880-2B17-A9AD-7B0F741303F7}.Release9x|x64.Build.0 = Release9x|x64
		{0D191873-9880-2B17-A9AD-7B0F741303F7}.ReleaseNT|Win32.ActiveCfg = ReleaseNT|Win32
		{0D191873-9880-2B17-A9AD-7B0F741303F7}.ReleaseNT|Win32.Build.0 = ReleaseNT|Win32
		{0D191873-9880-2B17-A9AD-7B0F741303F7}.ReleaseNT|x64.ActiveCfg = ReleaseNT|x64
		{0D191873-9880-2B17-A9AD-7B0F741303F7}.ReleaseNT|x64.Build.0 = ReleaseNT|x64
		{0D191873-9880-2B17-A9AD-7B0F741303F7}.Template|Win32.ActiveCfg = Template|Win32
		{0D191873-9880-2B17-A9AD-7B0F741303F7}.Template|Win32.Build.0 = Template|Win32
		{0D191873-9880-2B17-A9AD-7B0F741303F7}.Template|x64.ActiveCfg = Template|x64
		{0D191873-9880-2B17-A9AD-7B0F741303F7}.Template|x64.Build.0 = Template|x64
		{D4A966E1-0709-CC62-E24F-5C020BC0B41D}.Debug|Win32.ActiveCfg = Debug|Win32
		{D4A966E1-0709-CC62-E24F-5C020BC0B41D}.Debug|Win32.Build.0 = Debug|Win32
		{D4A966E1-0709-CC62-E24F-5C020BC0B41D}.Debug|x64.ActiveCfg = Debug|x64
		{D4A966E1-0709-CC62-E24F-5C020BC0B41D}.Debug|x64.Build.0 = Debug|x64
		{D4A966E1-0709-CC62-E24F-5C020BC0B41D}.Debug9x|Win32.ActiveCfg = Debug|x64
		{D4A966E1-0709-CC62-E24F-5C020BC0B41D}.Debug9x|x64.ActiveCfg = Debug|x64
		{D4A966E1-0709-CC62-E24F-5C020BC0B41D}.Debug9x|x64.Build.0 = Debug|x64
		{D4A966E1-0709-CC62-E24F-5C020BC0B41D}.DebugNT|Win32.ActiveCfg = Debug|x64
		{D4A966E1-0709-CC62-E24F-5C020BC0B41D}.DebugNT|x64.ActiveCfg = Debug|x64
		{D4A966E1-0709-CC62-E24F-5C020BC0B41D}.DebugNT|x64.Build.0 = Debug|x64
		{D4A966E1-0709-CC62-E24F-5C020BC0B41D}.Release|Win32.ActiveCfg = Release|Win32
		{D4A966E1-0709-CC62-E24F-5C020BC0B41D}.Release|Win32.Build.0 = Release|Win32
		{D4A966E1-0709-CC62-E24F-5C020BC0B41D}.Release|x64.ActiveCfg = Release|x64
		{D4A966E1-0709-CC62-E24F-5C020BC0B41D}.Release|x64.Build.0 = Release|x64
		{D4A966E1-0709-CC62-E24F-5C020BC0B41D}.Release9x|Win32.ActiveCfg = Release|x64
		{D4A966E1-0709-CC62-E24F-5C020BC0B41D}.Release9x|x64.ActiveCfg = Release|x64
		{D4A966E1-0709-CC62-E24F-5C020BC0B41D}.Release9x|x64.Build.0 = Release|x64
		{D4A966E1-0709-CC62-E24F-5C020BC0B41D}.ReleaseNT|Win32.ActiveCfg = Release|x64
		{D4A966E1-0709-CC62-E24F-5C020BC0B41D}.ReleaseNT|x64.ActiveCfg = Release|x64
		{D4A966E1-0709-CC62-E24F-5C020BC0B41D}.ReleaseNT|x64.Build.0 = Release|x64
		{D4A966E1-0709-CC62-E24F-5C020BC0B41D}.Template|Win32.ActiveCfg = Template|Win32
		{D4A966E1-0709-CC62-E24F-5C020BC0B41D}.Template|Win32.Build.0 = Template|Win32
		{D4A966E1-0709-CC62-E24F-5C020BC0B41D}.Template|x64.ActiveCfg = Template|x64
		{D4A966E1-0709-CC62-E24F-5C020BC0B41D}.Template|x64.Build.0 = Template|x64
		{358FF508-6676-C17B-4F1A-78BF30345B90}.Debug|Win32.ActiveCfg = Debug|Win32
		{358FF508-6676-C17B-4F1A-78BF30345B90}.Debug|Win32.Build.0 = Debug|Win32
		{358FF508-6676-C17B-4F1A-78BF30345B90}.Debug|x64.ActiveCfg = Debug|x64
		{358FF508-6676-C17B-4F1A-78BF30345B90}.Debug|x64.Build.0 = Debug|x64
		{358FF508-6676-C17B-4F1A-78BF30345B90}.Debug9x|Win32.ActiveCfg = Debug|x64
		{358FF508-6676-C17B-4F1A-78BF30345B90}.Debug9x|x64.ActiveCfg = Debug|x64
		{358FF508-6676-C17B-4F1A-78BF30345B90}.Debug9x|x64.Build.0 = Debug|x64
		{358FF508-6676-C17B-4F1A-78BF30345B90}.DebugNT|Win32.ActiveCfg = Debug|x64
		{358FF508-6676-C17B-4F1A-78BF30345B90}.DebugNT|x64.ActiveCfg = Debug|x64
		{358FF508-6676-C17B-4F1A-78BF30345B90}.DebugNT|x64.Build.0 = Debug|x64
		{358FF508-6676-C17B-4F1A-78BF30345B90}.Release|Win32.ActiveCfg = Release|Win32
		{358FF508-6676-C17B-4F1A-78BF30345B90}.Release|Win32.Build.0 = Release|Win32
		{358FF508-6676-C17B-4F1A-78BF30345B90}.Release|x64.ActiveCfg = Release|x64
		{358FF508-6676-C17B-4F1A-78BF30345B90}.Release|x64.Build.0 = Release|x64
		{358FF508-6676-C17B-4F1A-78BF30345B90}.Release9x|Win32.ActiveCfg = Release|x64
		{358FF508-6676-C17B-4F1A-78BF30345B90}.Release9x|x64.ActiveCfg = Release|x64
		{358FF508-6676-C17B-4F1A-78BF30345B90}.Release9x|x64.Build.0 = Release|x64
		{358FF508-6676-C17B-4F1A-78BF30345B90}.ReleaseNT|Win32.ActiveCfg = Release|x64
		{358FF508-6676-C17B-4F1A-78BF30345B90}.ReleaseNT|x64.ActiveCfg = Release|x64
		{358FF508-6676-C17B-4F1A-78BF30345B90}.ReleaseNT|x64.Build.0 = Release|x64
		{358FF508-6676-C17B-4F1A-78BF30345B90}.Template|Win32.ActiveCfg = Template|Win32
		{358FF508-6676-C17B-4F1A-78BF30345B90}.Template|Win32.Build.0 = Template|Win32
		{358FF508-6676-C17B-4F1A-78BF30345B90}.Template|x64.ActiveCfg = Template|x64
		{358FF508-6676-C17B-4F1A-78BF30345B90}.Template|x64.Build.0 = Template|x64
	EndGlobalSection
	GlobalSection(SolutionProperties) = preSolution
		HideSolutionNode = FALSE
	EndGlobalSection
EndGlobal
