<?xml version="1.0" encoding="utf-8"?>
<Project ToolsVersion="4.0" xmlns="http://schemas.microsoft.com/developer/msbuild/2003">
  <ItemGroup>
    <Filter Include="Source Files">
      <UniqueIdentifier>{92e0ef2c-4dd3-4d44-9235-24db8558341b}</UniqueIdentifier>
      <Extensions>.c</Extensions>
    </Filter>
    <Filter Include="Source Files\atomic">
      <UniqueIdentifier>{09921ff0-9b62-48ff-8d83-ae485c2d2b4e}</UniqueIdentifier>
    </Filter>
    <Filter Include="Source Files\dso">
      <UniqueIdentifier>{aa74e722-148e-44a4-9175-dba0a95140f7}</UniqueIdentifier>
    </Filter>
    <Filter Include="Source Files\file_io">
      <UniqueIdentifier>{371b441f-940f-48c4-bc28-1ed23f1304c7}</UniqueIdentifier>
    </Filter>
    <Filter Include="Source Files\locks">
      <UniqueIdentifier>{579f49c6-40c7-4716-9c0f-ca1a704f66ae}</UniqueIdentifier>
    </Filter>
    <Filter Include="Source Files\memory">
      <UniqueIdentifier>{efec5bed-60c9-4999-abdb-241ab9dc722c}</UniqueIdentifier>
    </Filter>
    <Filter Include="Source Files\misc">
      <UniqueIdentifier>{1149779b-a5f7-4418-98e4-8c5796a9b7c5}</UniqueIdentifier>
    </Filter>
    <Filter Include="Source Files\mmap">
      <UniqueIdentifier>{d4fda6fa-6d4d-4ef5-be66-bd3ca016751f}</UniqueIdentifier>
    </Filter>
    <Filter Include="Source Files\network_io">
      <UniqueIdentifier>{3d75550e-da76-42bb-b6af-c1cdf0b0e597}</UniqueIdentifier>
    </Filter>
    <Filter Include="Source Files\passwd">
      <UniqueIdentifier>{6d70edf9-e873-4808-8396-93b9ba63ced2}</UniqueIdentifier>
    </Filter>
    <Filter Include="Source Files\poll">
      <UniqueIdentifier>{a5a35e56-1763-4975-8d54-2f462cf36353}</UniqueIdentifier>
    </Filter>
    <Filter Include="Source Files\random">
      <UniqueIdentifier>{82e6ddca-0842-4efd-b7d0-71bed3bb6b6c}</UniqueIdentifier>
    </Filter>
    <Filter Include="Source Files\shmem">
      <UniqueIdentifier>{3c8024bf-57d1-4bea-bcca-36fec8c770f8}</UniqueIdentifier>
    </Filter>
    <Filter Include="Source Files\strings">
      <UniqueIdentifier>{7fd780be-e907-4111-963d-31717f65e0a4}</UniqueIdentifier>
    </Filter>
    <Filter Include="Source Files\tables">
      <UniqueIdentifier>{84c14bc2-e5f4-45af-863d-5c0cf174238e}</UniqueIdentifier>
    </Filter>
    <Filter Include="Source Files\threadproc">
      <UniqueIdentifier>{5deb8859-db98-4739-8855-a953da9b039e}</UniqueIdentifier>
    </Filter>
    <Filter Include="Source Files\time">
      <UniqueIdentifier>{0c39c346-d267-4c95-b897-4453935a760b}</UniqueIdentifier>
    </Filter>
    <Filter Include="Source Files\user">
      <UniqueIdentifier>{5c525c18-d482-4e76-8ec6-cdad09d876da}</UniqueIdentifier>
    </Filter>
    <Filter Include="Private Header Files">
      <UniqueIdentifier>{8df6c605-dc97-455c-bcb4-40ec93d81f46}</UniqueIdentifier>
    </Filter>
    <Filter Include="Public Header Files">
      <UniqueIdentifier>{767de64a-b220-42e8-bb71-6b52ba1b0d3c}</UniqueIdentifier>
    </Filter>
  </ItemGroup>
  <ItemGroup>
    <ClCompile Include="atomic\win32\apr_atomic.c">
      <Filter>Source Files\atomic</Filter>
    </ClCompile>
    <ClCompile Include="dso\win32\dso.c">
      <Filter>Source Files\dso</Filter>
    </ClCompile>
    <ClCompile Include="file_io\win32\buffer.c">
      <Filter>Source Files\file_io</Filter>
    </ClCompile>
    <ClCompile Include="file_io\unix\copy.c">
      <Filter>Source Files\file_io</Filter>
    </ClCompile>
    <ClCompile Include="file_io\win32\dir.c">
      <Filter>Source Files\file_io</Filter>
    </ClCompile>
    <ClCompile Include="file_io\unix\fileacc.c">
      <Filter>Source Files\file_io</Filter>
    </ClCompile>
    <ClCompile Include="file_io\win32\filedup.c">
      <Filter>Source Files\file_io</Filter>
    </ClCompile>
    <ClCompile Include="file_io\win32\filepath.c">
      <Filter>Source Files\file_io</Filter>
    </ClCompile>
    <ClCompile Include="file_io\unix\filepath_util.c">
      <Filter>Source Files\file_io</Filter>
    </ClCompile>
    <ClCompile Include="file_io\win32\filestat.c">
      <Filter>Source Files\file_io</Filter>
    </ClCompile>
    <ClCompile Include="file_io\win32\filesys.c">
      <Filter>Source Files\file_io</Filter>
    </ClCompile>
    <ClCompile Include="file_io\win32\flock.c">
      <Filter>Source Files\file_io</Filter>
    </ClCompile>
    <ClCompile Include="file_io\unix\fullrw.c">
      <Filter>Source Files\file_io</Filter>
    </ClCompile>
    <ClCompile Include="file_io\unix\mktemp.c">
      <Filter>Source Files\file_io</Filter>
    </ClCompile>
    <ClCompile Include="file_io\win32\open.c">
      <Filter>Source Files\file_io</Filter>
    </ClCompile>
    <ClCompile Include="file_io\win32\pipe.c">
      <Filter>Source Files\file_io</Filter>
    </ClCompile>
    <ClCompile Include="file_io\win32\readwrite.c">
      <Filter>Source Files\file_io</Filter>
    </ClCompile>
    <ClCompile Include="file_io\win32\seek.c">
      <Filter>Source Files\file_io</Filter>
    </ClCompile>
    <ClCompile Include="file_io\unix\tempdir.c">
      <Filter>Source Files\file_io</Filter>
    </ClCompile>
    <ClCompile Include="locks\win32\proc_mutex.c">
      <Filter>Source Files\locks</Filter>
    </ClCompile>
    <ClCompile Include="locks\win32\thread_cond.c">
      <Filter>Source Files\locks</Filter>
    </ClCompile>
    <ClCompile Include="locks\win32\thread_mutex.c">
      <Filter>Source Files\locks</Filter>
    </ClCompile>
    <ClCompile Include="locks\win32\thread_rwlock.c">
      <Filter>Source Files\locks</Filter>
    </ClCompile>
    <ClCompile Include="memory\unix\apr_pools.c">
      <Filter>Source Files\memory</Filter>
    </ClCompile>
    <ClCompile Include="misc\win32\apr_app.c">
      <Filter>Source Files\misc</Filter>
    </ClCompile>
    <ClCompile Include="misc\win32\charset.c">
      <Filter>Source Files\misc</Filter>
    </ClCompile>
    <ClCompile Include="misc\win32\env.c">
      <Filter>Source Files\misc</Filter>
    </ClCompile>
    <ClCompile Include="misc\unix\errorcodes.c">
      <Filter>Source Files\misc</Filter>
    </ClCompile>
    <ClCompile Include="misc\unix\getopt.c">
      <Filter>Source Files\misc</Filter>
    </ClCompile>
    <ClCompile Include="misc\win32\internal.c">
      <Filter>Source Files\misc</Filter>
    </ClCompile>
    <ClCompile Include="misc\win32\misc.c">
      <Filter>Source Files\misc</Filter>
    </ClCompile>
    <ClCompile Include="misc\unix\otherchild.c">
      <Filter>Source Files\misc</Filter>
    </ClCompile>
    <ClCompile Include="misc\win32\rand.c">
      <Filter>Source Files\misc</Filter>
    </ClCompile>
    <ClCompile Include="misc\win32\start.c">
      <Filter>Source Files\misc</Filter>
    </ClCompile>
    <ClCompile Include="misc\win32\utf8.c">
      <Filter>Source Files\misc</Filter>
    </ClCompile>
    <ClCompile Include="misc\unix\version.c">
      <Filter>Source Files\misc</Filter>
    </ClCompile>
    <ClCompile Include="mmap\unix\common.c">
      <Filter>Source Files\mmap</Filter>
    </ClCompile>
    <ClCompile Include="mmap\win32\mmap.c">
      <Filter>Source Files\mmap</Filter>
    </ClCompile>
    <ClCompile Include="network_io\unix\inet_ntop.c">
      <Filter>Source Files\network_io</Filter>
    </ClCompile>
    <ClCompile Include="network_io\unix\inet_pton.c">
      <Filter>Source Files\network_io</Filter>
    </ClCompile>
    <ClCompile Include="network_io\unix\multicast.c">
      <Filter>Source Files\network_io</Filter>
    </ClCompile>
    <ClCompile Include="network_io\win32\sendrecv.c">
      <Filter>Source Files\network_io</Filter>
    </ClCompile>
    <ClCompile Include="network_io\unix\sockaddr.c">
      <Filter>Source Files\network_io</Filter>
    </ClCompile>
    <ClCompile Include="network_io\win32\sockets.c">
      <Filter>Source Files\network_io</Filter>
    </ClCompile>
    <ClCompile Include="network_io\unix\socket_util.c">
      <Filter>Source Files\network_io</Filter>
    </ClCompile>
    <ClCompile Include="network_io\win32\sockopt.c">
      <Filter>Source Files\network_io</Filter>
    </ClCompile>
    <ClCompile Include="passwd\apr_getpass.c">
      <Filter>Source Files\passwd</Filter>
    </ClCompile>
    <ClCompile Include="poll\unix\poll.c">
      <Filter>Source Files\poll</Filter>
    </ClCompile>
    <ClCompile Include="poll\unix\pollcb.c">
      <Filter>Source Files\poll</Filter>
    </ClCompile>
    <ClCompile Include="poll\unix\pollset.c">
      <Filter>Source Files\poll</Filter>
    </ClCompile>
    <ClCompile Include="poll\unix\select.c">
      <Filter>Source Files\poll</Filter>
    </ClCompile>
    <ClCompile Include="random\unix\apr_random.c">
      <Filter>Source Files\random</Filter>
    </ClCompile>
    <ClCompile Include="random\unix\sha2.c">
      <Filter>Source Files\random</Filter>
    </ClCompile>
    <ClCompile Include="random\unix\sha2_glue.c">
      <Filter>Source Files\random</Filter>
    </ClCompile>
    <ClCompile Include="shmem\win32\shm.c">
      <Filter>Source Files\shmem</Filter>
    </ClCompile>
    <ClCompile Include="strings\apr_cpystrn.c">
      <Filter>Source Files\strings</Filter>
    </ClCompile>
    <ClCompile Include="strings\apr_fnmatch.c">
      <Filter>Source Files\strings</Filter>
    </ClCompile>
    <ClCompile Include="strings\apr_snprintf.c">
      <Filter>Source Files\strings</Filter>
    </ClCompile>
    <ClCompile Include="strings\apr_strings.c">
      <Filter>Source Files\strings</Filter>
    </ClCompile>
    <ClCompile Include="strings\apr_strnatcmp.c">
      <Filter>Source Files\strings</Filter>
    </ClCompile>
    <ClCompile Include="strings\apr_strtok.c">
      <Filter>Source Files\strings</Filter>
    </ClCompile>
    <ClCompile Include="tables\apr_hash.c">
      <Filter>Source Files\tables</Filter>
    </ClCompile>
    <ClCompile Include="tables\apr_tables.c">
      <Filter>Source Files\tables</Filter>
    </ClCompile>
    <ClCompile Include="threadproc\win32\proc.c">
      <Filter>Source Files\threadproc</Filter>
    </ClCompile>
    <ClCompile Include="threadproc\win32\signals.c">
      <Filter>Source Files\threadproc</Filter>
    </ClCompile>
    <ClCompile Include="threadproc\win32\thread.c">
      <Filter>Source Files\threadproc</Filter>
    </ClCompile>
    <ClCompile Include="threadproc\win32\threadpriv.c">
      <Filter>Source Files\threadproc</Filter>
    </ClCompile>
    <!--
-->
    <ClCompile Include="time\win32\time.c">
      <Filter>Source Files\time</Filter>
    </ClCompile>
    <ClCompile Include="time\win32\timestr.c">
      <Filter>Source Files\time</Filter>
    </ClCompile>
    <ClCompile Include="user\win32\groupinfo.c">
      <Filter>Source Files\user</Filter>
    </ClCompile>
    <ClCompile Include="user\win32\userinfo.c">
      <Filter>Source Files\user</Filter>
    </ClCompile>
    <ClCompile Include="misc\win32\log.c" />
  </ItemGroup>
  <ItemGroup>
    <ClInclude Include="include\arch\win32\apr_arch_atime.h">
      <Filter>Private Header Files</Filter>
    </ClInclude>
    <ClInclude Include="include\arch\win32\apr_arch_dso.h">
      <Filter>Private Header Files</Filter>
    </ClInclude>
    <ClInclude Include="include\arch\win32\apr_arch_file_io.h">
      <Filter>Private Header Files</Filter>
    </ClInclude>
    <ClInclude Include="include\arch\win32\apr_arch_inherit.h">
      <Filter>Private Header Files</Filter>
    </ClInclude>
    <ClInclude Include="include\arch\win32\apr_arch_misc.h">
      <Filter>Private Header Files</Filter>
    </ClInclude>
    <ClInclude Include="include\arch\win32\apr_arch_networkio.h">
      <Filter>Private Header Files</Filter>
    </ClInclude>
    <ClInclude Include="include\arch\win32\apr_arch_thread_mutex.h">
      <Filter>Private Header Files</Filter>
    </ClInclude>
    <ClInclude Include="include\arch\win32\apr_arch_thread_rwlock.h">
      <Filter>Private Header Files</Filter>
    </ClInclude>
    <ClInclude Include="include\arch\win32\apr_arch_threadproc.h">
      <Filter>Private Header Files</Filter>
    </ClInclude>
    <ClInclude Include="include\arch\win32\apr_arch_utf8.h">
      <Filter>Private Header Files</Filter>
    </ClInclude>
    <ClInclude Include="include\arch\win32\apr_private.h">
      <Filter>Private Header Files</Filter>
    </ClInclude>
    <ClInclude Include="include\arch\apr_private_common.h">
      <Filter>Private Header Files</Filter>
    </ClInclude>
    <ClInclude Include="include\apr_allocator.h">
      <Filter>Public Header Files</Filter>
    </ClInclude>
    <ClInclude Include="include\apr_atomic.h">
      <Filter>Public Header Files</Filter>
    </ClInclude>
    <ClInclude Include="include\apr_dso.h">
      <Filter>Public Header Files</Filter>
    </ClInclude>
    <ClInclude Include="include\apr_env.h">
      <Filter>Public Header Files</Filter>
    </ClInclude>
    <ClInclude Include="include\apr_errno.h">
      <Filter>Public Header Files</Filter>
    </ClInclude>
    <ClInclude Include="include\apr_file_info.h">
      <Filter>Public Header Files</Filter>
    </ClInclude>
    <ClInclude Include="include\apr_file_io.h">
      <Filter>Public Header Files</Filter>
    </ClInclude>
    <ClInclude Include="include\apr_fnmatch.h">
      <Filter>Public Header Files</Filter>
    </ClInclude>
    <ClInclude Include="include\apr_general.h">
      <Filter>Public Header Files</Filter>
    </ClInclude>
    <ClInclude Include="include\apr_getopt.h">
      <Filter>Public Header Files</Filter>
    </ClInclude>
    <ClInclude Include="include\apr_global_mutex.h">
      <Filter>Public Header Files</Filter>
    </ClInclude>
    <ClInclude Include="include\apr_hash.h">
      <Filter>Public Header Files</Filter>
    </ClInclude>
    <ClInclude Include="include\apr_inherit.h">
      <Filter>Public Header Files</Filter>
    </ClInclude>
    <ClInclude Include="include\apr_lib.h">
      <Filter>Public Header Files</Filter>
    </ClInclude>
    <ClInclude Include="include\apr_mmap.h">
      <Filter>Public Header Files</Filter>
    </ClInclude>
    <ClInclude Include="include\apr_network_io.h">
      <Filter>Public Header Files</Filter>
    </ClInclude>
    <ClInclude Include="include\apr_poll.h">
      <Filter>Public Header Files</Filter>
    </ClInclude>
    <ClInclude Include="include\apr_pools.h">
      <Filter>Public Header Files</Filter>
    </ClInclude>
    <ClInclude Include="include\apr_portable.h">
      <Filter>Public Header Files</Filter>
    </ClInclude>
    <ClInclude Include="include\apr_proc_mutex.h">
      <Filter>Public Header Files</Filter>
    </ClInclude>
    <ClInclude Include="include\apr_random.h">
      <Filter>Public Header Files</Filter>
    </ClInclude>
    <ClInclude Include="include\apr_ring.h">
      <Filter>Public Header Files</Filter>
    </ClInclude>
    <ClInclude Include="include\apr_shm.h">
      <Filter>Public Header Files</Filter>
    </ClInclude>
    <ClInclude Include="include\apr_signal.h">
      <Filter>Public Header Files</Filter>
    </ClInclude>
    <ClInclude Include="include\apr_strings.h">
      <Filter>Public Header Files</Filter>
    </ClInclude>
    <ClInclude Include="include\apr_support.h">
      <Filter>Public Header Files</Filter>
    </ClInclude>
    <ClInclude Include="include\apr_tables.h">
      <Filter>Public Header Files</Filter>
    </ClInclude>
    <ClInclude Include="include\apr_thread_cond.h">
      <Filter>Public Header Files</Filter>
    </ClInclude>
    <ClInclude Include="include\apr_thread_mutex.h">
      <Filter>Public Header Files</Filter>
    </ClInclude>
    <ClInclude Include="include\apr_thread_proc.h">
      <Filter>Public Header Files</Filter>
    </ClInclude>
    <ClInclude Include="include\apr_thread_rwlock.h">
      <Filter>Public Header Files</Filter>
    </ClInclude>
    <ClInclude Include="include\apr_time.h">
      <Filter>Public Header Files</Filter>
    </ClInclude>
    <ClInclude Include="include\apr_user.h">
      <Filter>Public Header Files</Filter>
    </ClInclude>
    <ClInclude Include="include\apr_version.h">
      <Filter>Public Header Files</Filter>
    </ClInclude>
    <ClInclude Include="include\apr_want.h">
      <Filter>Public Header Files</Filter>
    </ClInclude>
  </ItemGroup>
  <ItemGroup>
    <CustomBuild Include="include\apr.h.in">
      <Filter>Public Header Files</Filter>
    </CustomBuild>
    <CustomBuild Include="include\apr.hnw">
      <Filter>Public Header Files</Filter>
    </CustomBuild>
    <CustomBuild Include="include\apr.hw">
      <Filter>Public Header Files</Filter>
    </CustomBuild>
  </ItemGroup>
</Project>